# This file was autogenerated by Stack.
# You should not edit this file by hand.
# For more information, please see the documentation at:
#   https://docs.haskellstack.org/en/stable/lock_files

packages:
- completed:
    hackage: geojson-4.0.1@sha256:276de5cb2aa3e07179a8d42c184b1a4e52d2c8d23cf2eb989ecfa6adbe726227,4234
    pantry-tree:
      size: 2429
      sha256: ef88e984e076f60d21ca0677a0f011abf40abecd5562e894575db2098ef49c98
  original:
    hackage: geojson-4.0.1
snapshots:
- completed:
    size: 509471
    url: https://raw.githubusercontent.com/commercialhaskell/stackage-snapshots/master/lts/12/26.yaml
    sha256: 95f014df58d0679b1c4a2b7bf2b652b61da8d30de5f571abb0d59015ef678646
  original: lts-12.26
