# This file was autogenerated by Stack.
# You should not edit this file by hand.
# For more information, please see the documentation at:
#   https://docs.haskellstack.org/en/stable/lock_files

packages:
- completed:
    hackage: geojson-4.0.2@sha256:39b44d53bd6ea8eb597745d7f8d2a6c502a1f1db189fe74fe2343761970437f2,4222
    pantry-tree:
      size: 2429
      sha256: a50b62fe5342c2e81295af25b99cdf51fda702ee235702f40e953c875ae9f989
  original:
    hackage: geojson-4.0.2
snapshots:
- completed:
    size: 509471
    url: https://raw.githubusercontent.com/commercialhaskell/stackage-snapshots/master/lts/12/26.yaml
    sha256: 95f014df58d0679b1c4a2b7bf2b652b61da8d30de5f571abb0d59015ef678646
  original: lts-12.26
